// !$*UTF8*$!
{
	archiveVersion = 1;
	classes = {
	};
	objectVersion = 46;
	objects = {

/* Begin PBXBuildFile section */
		D006E03D1A5C7277001BF248 /* AppDelegate.swift in Sources */ = {isa = PBXBuildFile; fileRef = D006E03C1A5C7277001BF248 /* AppDelegate.swift */; };
		D006E03F1A5C7277001BF248 /* ViewController.swift in Sources */ = {isa = PBXBuildFile; fileRef = D006E03E1A5C7277001BF248 /* ViewController.swift */; };
		D006E0421A5C7277001BF248 /* Main.storyboard in Resources */ = {isa = PBXBuildFile; fileRef = D006E0401A5C7277001BF248 /* Main.storyboard */; };
		D006E0441A5C7277001BF248 /* Images.xcassets in Resources */ = {isa = PBXBuildFile; fileRef = D006E0431A5C7277001BF248 /* Images.xcassets */; };
		D006E0471A5C7277001BF248 /* LaunchScreen.xib in Resources */ = {isa = PBXBuildFile; fileRef = D006E0451A5C7277001BF248 /* LaunchScreen.xib */; };
		D006E0531A5C7278001BF248 /* PostcardTests.swift in Sources */ = {isa = PBXBuildFile; fileRef = D006E0521A5C7278001BF248 /* PostcardTests.swift */; };
		D00B5EC61A649869009304AB /* AlbertEinsteinStamp.jpg in Resources */ = {isa = PBXBuildFile; fileRef = D00B5EC51A649869009304AB /* AlbertEinsteinStamp.jpg */; };
		D0BC83A01A5F6F3F0034FC7A /* SagradaFamilia.jpeg in Resources */ = {isa = PBXBuildFile; fileRef = D0BC839F1A5F6F3F0034FC7A /* SagradaFamilia.jpeg */; };
/* End PBXBuildFile section */

/* Begin PBXContainerItemProxy section */
		D006E04D1A5C7278001BF248 /* PBXContainerItemProxy */ = {
			isa = PBXContainerItemProxy;
			containerPortal = D006E02F1A5C7277001BF248 /* Project object */;
			proxyType = 1;
			remoteGlobalIDString = D006E0361A5C7277001BF248;
			remoteInfo = Postcard;
		};
/* End PBXContainerItemProxy section */

/* Begin PBXFileReference section */
		D006E0371A5C7277001BF248 /* Postcard.app */ = {isa = PBXFileReference; explicitFileType = wrapper.application; includeInIndex = 0; path = Postcard.app; sourceTree = BUILT_PRODUCTS_DIR; };
		D006E03B1A5C7277001BF248 /* Info.plist */ = {isa = PBXFileReference; lastKnownFileType = text.plist.xml; path = Info.plist; sourceTree = "<group>"; };
		D006E03C1A5C7277001BF248 /* AppDelegate.swift */ = {isa = PBXFileReference; lastKnownFileType = sourcecode.swift; path = AppDelegate.swift; sourceTree = "<group>"; };
		D006E03E1A5C7277001BF248 /* ViewController.swift */ = {isa = PBXFileReference; lastKnownFileType = sourcecode.swift; path = ViewController.swift; sourceTree = "<group>"; };
		D006E0411A5C7277001BF248 /* Base */ = {isa = PBXFileReference; lastKnownFileType = file.storyboard; name = Base; path = Base.lproj/Main.storyboard; sourceTree = "<group>"; };
		D006E0431A5C7277001BF248 /* Images.xcassets */ = {isa = PBXFileReference; lastKnownFileType = folder.assetcatalog; path = Images.xcassets; sourceTree = "<group>"; };
		D006E0461A5C7277001BF248 /* Base */ = {isa = PBXFileReference; lastKnownFileType = file.xib; name = Base; path = Base.lproj/LaunchScreen.xib; sourceTree = "<group>"; };
		D006E04C1A5C7278001BF248 /* PostcardTests.xctest */ = {isa = PBXFileReference; explicitFileType = wrapper.cfbundle; includeInIndex = 0; path = PostcardTests.xctest; sourceTree = BUILT_PRODUCTS_DIR; };
		D006E0511A5C7278001BF248 /* Info.plist */ = {isa = PBXFileReference; lastKnownFileType = text.plist.xml; path = Info.plist; sourceTree = "<group>"; };
		D006E0521A5C7278001BF248 /* PostcardTests.swift */ = {isa = PBXFileReference; lastKnownFileType = sourcecode.swift; path = PostcardTests.swift; sourceTree = "<group>"; };
		D00B5EC51A649869009304AB /* AlbertEinsteinStamp.jpg */ = {isa = PBXFileReference; lastKnownFileType = image.jpeg; path = AlbertEinsteinStamp.jpg; sourceTree = "<group>"; };
		D0BC839F1A5F6F3F0034FC7A /* SagradaFamilia.jpeg */ = {isa = PBXFileReference; lastKnownFileType = image.jpeg; path = SagradaFamilia.jpeg; sourceTree = "<group>"; };
/* End PBXFileReference section */

/* Begin PBXFrameworksBuildPhase section */
		D006E0341A5C7277001BF248 /* Frameworks */ = {
			isa = PBXFrameworksBuildPhase;
			buildActionMask = 2147483647;
			files = (
			);
			runOnlyForDeploymentPostprocessing = 0;
		};
		D006E0491A5C7278001BF248 /* Frameworks */ = {
			isa = PBXFrameworksBuildPhase;
			buildActionMask = 2147483647;
			files = (
			);
			runOnlyForDeploymentPostprocessing = 0;
		};
/* End PBXFrameworksBuildPhase section */

/* Begin PBXGroup section */
		D006E02E1A5C7277001BF248 = {
			isa = PBXGroup;
			children = (
				D006E0391A5C7277001BF248 /* Postcard */,
				D006E04F1A5C7278001BF248 /* PostcardTests */,
				D006E0381A5C7277001BF248 /* Products */,
			);
			sourceTree = "<group>";
		};
		D006E0381A5C7277001BF248 /* Products */ = {
			isa = PBXGroup;
			children = (
				D006E0371A5C7277001BF248 /* Postcard.app */,
				D006E04C1A5C7278001BF248 /* PostcardTests.xctest */,
			);
			name = Products;
			sourceTree = "<group>";
		};
		D006E0391A5C7277001BF248 /* Postcard */ = {
			isa = PBXGroup;
			children = (
				D006E03C1A5C7277001BF248 /* AppDelegate.swift */,
				D006E03E1A5C7277001BF248 /* ViewController.swift */,
				D006E0401A5C7277001BF248 /* Main.storyboard */,
				D006E0431A5C7277001BF248 /* Images.xcassets */,
				D006E0451A5C7277001BF248 /* LaunchScreen.xib */,
				D006E03A1A5C7277001BF248 /* Supporting Files */,
			);
			path = Postcard;
			sourceTree = "<group>";
		};
		D006E03A1A5C7277001BF248 /* Supporting Files */ = {
			isa = PBXGroup;
			children = (
				D00B5EC51A649869009304AB /* AlbertEinsteinStamp.jpg */,
				D0BC839F1A5F6F3F0034FC7A /* SagradaFamilia.jpeg */,
				D006E03B1A5C7277001BF248 /* Info.plist */,
			);
			name = "Supporting Files";
			sourceTree = "<group>";
		};
		D006E04F1A5C7278001BF248 /* PostcardTests */ = {
			isa = PBXGroup;
			children = (
				D006E0521A5C7278001BF248 /* PostcardTests.swift */,
				D006E0501A5C7278001BF248 /* Supporting Files */,
			);
			path = PostcardTests;
			sourceTree = "<group>";
		};
		D006E0501A5C7278001BF248 /* Supporting Files */ = {
			isa = PBXGroup;
			children = (
				D006E0511A5C7278001BF248 /* Info.plist */,
			);
			name = "Supporting Files";
			sourceTree = "<group>";
		};
/* End PBXGroup section */

/* Begin PBXNativeTarget section */
		D006E0361A5C7277001BF248 /* Postcard */ = {
			isa = PBXNativeTarget;
			buildConfigurationList = D006E0561A5C7278001BF248 /* Build configuration list for PBXNativeTarget "Postcard" */;
			buildPhases = (
				D006E0331A5C7277001BF248 /* Sources */,
				D006E0341A5C7277001BF248 /* Frameworks */,
				D006E0351A5C7277001BF248 /* Resources */,
			);
			buildRules = (
			);
			dependencies = (
			);
			name = Postcard;
			productName = Postcard;
			productReference = D006E0371A5C7277001BF248 /* Postcard.app */;
			productType = "com.apple.product-type.application";
		};
		D006E04B1A5C7278001BF248 /* PostcardTests */ = {
			isa = PBXNativeTarget;
			buildConfigurationList = D006E0591A5C7278001BF248 /* Build configuration list for PBXNativeTarget "PostcardTests" */;
			buildPhases = (
				D006E0481A5C7278001BF248 /* Sources */,
				D006E0491A5C7278001BF248 /* Frameworks */,
				D006E04A1A5C7278001BF248 /* Resources */,
			);
			buildRules = (
			);
			dependencies = (
				D006E04E1A5C7278001BF248 /* PBXTargetDependency */,
			);
			name = PostcardTests;
			productName = PostcardTests;
			productReference = D006E04C1A5C7278001BF248 /* PostcardTests.xctest */;
			productType = "com.apple.product-type.bundle.unit-test";
		};
/* End PBXNativeTarget section */

/* Begin PBXProject section */
		D006E02F1A5C7277001BF248 /* Project object */ = {
			isa = PBXProject;
			attributes = {
				LastUpgradeCheck = 0610;
				ORGANIZATIONNAME = Lopez;
				TargetAttributes = {
					D006E0361A5C7277001BF248 = {
						CreatedOnToolsVersion = 6.1.1;
					};
					D006E04B1A5C7278001BF248 = {
						CreatedOnToolsVersion = 6.1.1;
						TestTargetID = D006E0361A5C7277001BF248;
					};
				};
			};
			buildConfigurationList = D006E0321A5C7277001BF248 /* Build configuration list for PBXProject "Postcard" */;
			compatibilityVersion = "Xcode 3.2";
			developmentRegion = English;
			hasScannedForEncodings = 0;
			knownRegions = (
				en,
				Base,
			);
			mainGroup = D006E02E1A5C7277001BF248;
			productRefGroup = D006E0381A5C7277001BF248 /* Products */;
			projectDirPath = "";
			projectRoot = "";
			targets = (
				D006E0361A5C7277001BF248 /* Postcard */,
				D006E04B1A5C7278001BF248 /* PostcardTests */,
			);
		};
/* End PBXProject section */

/* Begin PBXResourcesBuildPhase section */
		D006E0351A5C7277001BF248 /* Resources */ = {
			isa = PBXResourcesBuildPhase;
			buildActionMask = 2147483647;
			files = (
				D006E0421A5C7277001BF248 /* Main.storyboard in Resources */,
				D0BC83A01A5F6F3F0034FC7A /* SagradaFamilia.jpeg in Resources */,
				D00B5EC61A649869009304AB /* AlbertEinsteinStamp.jpg in Resources */,
				D006E0471A5C7277001BF248 /* LaunchScreen.xib in Resources */,
				D006E0441A5C7277001BF248 /* Images.xcassets in Resources */,
			);
			runOnlyForDeploymentPostprocessing = 0;
		};
		D006E04A1A5C7278001BF248 /* Resources */ = {
			isa = PBXResourcesBuildPhase;
			buildActionMask = 2147483647;
			files = (
			);
			runOnlyForDeploymentPostprocessing = 0;
		};
/* End PBXResourcesBuildPhase section */

/* Begin PBXSourcesBuildPhase section */
		D006E0331A5C7277001BF248 /* Sources */ = {
			isa = PBXSourcesBuildPhase;
			buildActionMask = 2147483647;
			files = (
				D006E03F1A5C7277001BF248 /* ViewController.swift in Sources */,
				D006E03D1A5C7277001BF248 /* AppDelegate.swift in Sources */,
			);
			runOnlyForDeploymentPostprocessing = 0;
		};
		D006E0481A5C7278001BF248 /* Sources */ = {
			isa = PBXSourcesBuildPhase;
			buildActionMask = 2147483647;
			files = (
				D006E0531A5C7278001BF248 /* PostcardTests.swift in Sources */,
			);
			runOnlyForDeploymentPostprocessing = 0;
		};
/* End PBXSourcesBuildPhase section */

/* Begin PBXTargetDependency section */
		D006E04E1A5C7278001BF248 /* PBXTargetDependency */ = {
			isa = PBXTargetDependency;
			target = D006E0361A5C7277001BF248 /* Postcard */;
			targetProxy = D006E04D1A5C7278001BF248 /* PBXContainerItemProxy */;
		};
/* End PBXTargetDependency section */

/* Begin PBXVariantGroup section */
		D006E0401A5C7277001BF248 /* Main.storyboard */ = {
			isa = PBXVariantGroup;
			children = (
				D006E0411A5C7277001BF248 /* Base */,
			);
			name = Main.storyboard;
			sourceTree = "<group>";
		};
		D006E0451A5C7277001BF248 /* LaunchScreen.xib */ = {
			isa = PBXVariantGroup;
			children = (
				D006E0461A5C7277001BF248 /* Base */,
			);
			name = LaunchScreen.xib;
			sourceTree = "<group>";
		};
/* End PBXVariantGroup section */

/* Begin XCBuildConfiguration section */
		D006E0541A5C7278001BF248 /* Debug */ = {
			isa = XCBuildConfiguration;
			buildSettings = {
				ALWAYS_SEARCH_USER_PATHS = NO;
				CLANG_CXX_LANGUAGE_STANDARD = "gnu++0x";
				CLANG_CXX_LIBRARY = "libc++";
				CLANG_ENABLE_MODULES = YES;
				CLANG_ENABLE_OBJC_ARC = YES;
				CLANG_WARN_BOOL_CONVERSION = YES;
				CLANG_WARN_CONSTANT_CONVERSION = YES;
				CLANG_WARN_DIRECT_OBJC_ISA_USAGE = YES_ERROR;
				CLANG_WARN_EMPTY_BODY = YES;
				CLANG_WARN_ENUM_CONVERSION = YES;
				CLANG_WARN_INT_CONVERSION = YES;
				CLANG_WARN_OBJC_ROOT_CLASS = YES_ERROR;
				CLANG_WARN_UNREACHABLE_CODE = YES;
				CLANG_WARN__DUPLICATE_METHOD_MATCH = YES;
				"CODE_SIGN_IDENTITY[sdk=iphoneos*]" = "iPhone Developer";
				COPY_PHASE_STRIP = NO;
				ENABLE_STRICT_OBJC_MSGSEND = YES;
				GCC_C_LANGUAGE_STANDARD = gnu99;
				GCC_DYNAMIC_NO_PIC = NO;
				GCC_OPTIMIZATION_LEVEL = 0;
				GCC_PREPROCESSOR_DEFINITIONS = (
					"DEBUG=1",
					"$(inherited)",
				);
				GCC_SYMBOLS_PRIVATE_EXTERN = NO;
				GCC_WARN_64_TO_32_BIT_CONVERSION = YES;
				GCC_WARN_ABOUT_RETURN_TYPE = YES_ERROR;
				GCC_WARN_UNDECLARED_SELECTOR = YES;
				GCC_WARN_UNINITIALIZED_AUTOS = YES_AGGRESSIVE;
				GCC_WARN_UNUSED_FUNCTION = YES;
				GCC_WARN_UNUSED_VARIABLE = YES;
				IPHONEOS_DEPLOYMENT_TARGET = 8.1;
				MTL_ENABLE_DEBUG_INFO = YES;
				ONLY_ACTIVE_ARCH = YES;
				SDKROOT = iphoneos;
				SWIFT_OPTIMIZATION_LEVEL = "-Onone";
				TARGETED_DEVICE_FAMILY = "1,2";
			};
			name = Debug;
		};
		D006E0551A5C7278001BF248 /* Release */ = {
			isa = XCBuildConfiguration;
			buildSettings = {
				ALWAYS_SEARCH_USER_PATHS = NO;
				CLANG_CXX_LANGUAGE_STANDARD = "gnu++0x";
				CLANG_CXX_LIBRARY = "libc++";
				CLANG_ENABLE_MODULES = YES;
				CLANG_ENABLE_OBJC_ARC = YES;
				CLANG_WARN_BOOL_CONVERSION = YES;
				CLANG_WARN_CONSTANT_CONVERSION = YES;
				CLANG_WARN_DIRECT_OBJC_ISA_USAGE = YES_ERROR;
				CLANG_WARN_EMPTY_BODY = YES;
				CLANG_WARN_ENUM_CONVERSION = YES;
				CLANG_WARN_INT_CONVERSION = YES;
				CLANG_WARN_OBJC_ROOT_CLASS = YES_ERROR;
				CLANG_WARN_UNREACHABLE_CODE = YES;
				CLANG_WARN__DUPLICATE_METHOD_MATCH = YES;
				"CODE_SIGN_IDENTITY[sdk=iphoneos*]" = "iPhone Developer";
				COPY_PHASE_STRIP = YES;
				ENABLE_NS_ASSERTIONS = NO;
				ENABLE_STRICT_OBJC_MSGSEND = YES;
				GCC_C_LANGUAGE_STANDARD = gnu99;
				GCC_WARN_64_TO_32_BIT_CONVERSION = YES;
				GCC_WARN_ABOUT_RETURN_TYPE = YES_ERROR;
				GCC_WARN_UNDECLARED_SELECTOR = YES;
				GCC_WARN_UNINITIALIZED_AUTOS = YES_AGGRESSIVE;
				GCC_WARN_UNUSED_FUNCTION = YES;
				GCC_WARN_UNUSED_VARIABLE = YES;
				IPHONEOS_DEPLOYMENT_TARGET = 8.1;
				MTL_ENABLE_DEBUG_INFO = NO;
				SDKROOT = iphoneos;
				TARGETED_DEVICE_FAMILY = "1,2";
				VALIDATE_PRODUCT = YES;
			};
			name = Release;
		};
		D006E0571A5C7278001BF248 /* Debug */ = {
			isa = XCBuildConfiguration;
			buildSettings = {
				ASSETCATALOG_COMPILER_APPICON_NAME = AppIcon;
				INFOPLIST_FILE = Postcard/Info.plist;
				LD_RUNPATH_SEARCH_PATHS = "$(inherited) @executable_path/Frameworks";
				PRODUCT_NAME = "$(TARGET_NAME)";
			};
			name = Debug;
		};
		D006E0581A5C7278001BF248 /* Release */ = {
			isa = XCBuildConfiguration;
			buildSettings = {
				ASSETCATALOG_COMPILER_APPICON_NAME = AppIcon;
				INFOPLIST_FILE = Postcard/Info.plist;
				LD_RUNPATH_SEARCH_PATHS = "$(inherited) @executable_path/Frameworks";
				PRODUCT_NAME = "$(TARGET_NAME)";
			};
			name = Release;
		};
		D006E05A1A5C7278001BF248 /* Debug */ = {
			isa = XCBuildConfiguration;
			buildSettings = {
				BUNDLE_LOADER = "$(TEST_HOST)";
				FRAMEWORK_SEARCH_PATHS = (
					"$(SDKROOT)/Developer/Library/Frameworks",
					"$(inherited)",
				);
				GCC_PREPROCESSOR_DEFINITIONS = (
					"DEBUG=1",
					"$(inherited)",
				);
				INFOPLIST_FILE = PostcardTests/Info.plist;
				LD_RUNPATH_SEARCH_PATHS = "$(inherited) @executable_path/Frameworks @loader_path/Frameworks";
				PRODUCT_NAME = "$(TARGET_NAME)";
				TEST_HOST = "$(BUILT_PRODUCTS_DIR)/Postcard.app/Postcard";
			};
			name = Debug;
		};
		D006E05B1A5C7278001BF248 /* Release */ = {
			isa = XCBuildConfiguration;
			buildSettings = {
				BUNDLE_LOADER = "$(TEST_HOST)";
				FRAMEWORK_SEARCH_PATHS = (
					"$(SDKROOT)/Developer/Library/Frameworks",
					"$(inherited)",
				);
				INFOPLIST_FILE = PostcardTests/Info.plist;
				LD_RUNPATH_SEARCH_PATHS = "$(inherited) @executable_path/Frameworks @loader_path/Frameworks";
				PRODUCT_NAME = "$(TARGET_NAME)";
				TEST_HOST = "$(BUILT_PRODUCTS_DIR)/Postcard.app/Postcard";
			};
			name = Release;
		};
/* End XCBuildConfiguration section */

/* Begin XCConfigurationList section */
		D006E0321A5C7277001BF248 /* Build configuration list for PBXProject "Postcard" */ = {
			isa = XCConfigurationList;
			buildConfigurations = (
				D006E0541A5C7278001BF248 /* Debug */,
				D006E0551A5C7278001BF248 /* Release */,
			);
			defaultConfigurationIsVisible = 0;
			defaultConfigurationName = Release;
		};
		D006E0561A5C7278001BF248 /* Build configuration list for PBXNativeTarget "Postcard" */ = {
			isa = XCConfigurationList;
			buildConfigurations = (
				D006E0571A5C7278001BF248 /* Debug */,
				D006E0581A5C7278001BF248 /* Release */,
			);
			defaultConfigurationIsVisible = 0;
			defaultConfigurationName = Release;
		};
		D006E0591A5C7278001BF248 /* Build configuration list for PBXNativeTarget "PostcardTests" */ = {
			isa = XCConfigurationList;
			buildConfigurations = (
				D006E05A1A5C7278001BF248 /* Debug */,
				D006E05B1A5C7278001BF248 /* Release */,
			);
			defaultConfigurationIsVisible = 0;
			defaultConfigurationName = Release;
		};
/* End XCConfigurationList section */
	};
	rootObject = D006E02F1A5C7277001BF248 /* Project object */;
}
